{
  "name": "dimplomaWork",
  "lockfileVersion": 3,
  "requires": true,
  "packages": {
    "": {
      "devDependencies": {
        "@types/firebase": "^2.4.32"
      }
    },
    "node_modules/@types/firebase": {
      "version": "2.4.32",
      "resolved": "https://registry.npmjs.org/@types/firebase/-/firebase-2.4.32.tgz",
      "integrity": "sha512-WHuDkJq4PjH3HzmogWstX/r+/c0dGFq7F1fZ9LgT/B4zh/0fps0fUxLDNtuSJZ+PLIpm/EALBhcqZr0qtEy85g==",
      "dev": true,
      "license": "MIT"
    }
  }
}
